
Microsoft Visual Studio Solution File, Format Version 12.00
# Visual Studio 15
Project("{FAE04EC0-301F-11D3-BF4B-00C04F79EFBC}") = "Assembly-CSharp", "Assembly-CSharp.csproj", "{57132B52-0BD5-D6B7-9922-163A23D4657B}"
EndProject
Project("{FAE04EC0-301F-11D3-BF4B-00C04F79EFBC}") = "NativeShare.Runtime", "NativeShare.Runtime.csproj", "{A8A51058-2ACF-04F2-3B23-7CF7C850E9B2}"
EndProject
Project("{FAE04EC0-301F-11D3-BF4B-00C04F79EFBC}") = "NativeShare.Editor", "NativeShare.Editor.csproj", "{3F136B2D-518D-7786-BBE2-F51FABBA96D8}"
EndProject
Global
	GlobalSection(SolutionConfigurationPlatforms) = preSolution
		Debug|Any CPU = Debug|Any CPU
		Release|Any CPU = Release|Any CPU
	EndGlobalSection
	GlobalSection(ProjectConfigurationPlatforms) = postSolution
		{57132B52-0BD5-D6B7-9922-163A23D4657B}.Debug|Any CPU.ActiveCfg = Debug|Any CPU
		{57132B52-0BD5-D6B7-9922-163A23D4657B}.Debug|Any CPU.Build.0 = Debug|Any CPU
		{57132B52-0BD5-D6B7-9922-163A23D4657B}.Release|Any CPU.ActiveCfg = Release|Any CPU
		{57132B52-0BD5-D6B7-9922-163A23D4657B}.Release|Any CPU.Build.0 = Release|Any CPU
		{A8A51058-2ACF-04F2-3B23-7CF7C850E9B2}.Debug|Any CPU.ActiveCfg = Debug|Any CPU
		{A8A51058-2ACF-04F2-3B23-7CF7C850E9B2}.Debug|Any CPU.Build.0 = Debug|Any CPU
		{A8A51058-2ACF-04F2-3B23-7CF7C850E9B2}.Release|Any CPU.ActiveCfg = Release|Any CPU
		{A8A51058-2ACF-04F2-3B23-7CF7C850E9B2}.Release|Any CPU.Build.0 = Release|Any CPU
		{3F136B2D-518D-7786-BBE2-F51FABBA96D8}.Debug|Any CPU.ActiveCfg = Debug|Any CPU
		{3F136B2D-518D-7786-BBE2-F51FABBA96D8}.Debug|Any CPU.Build.0 = Debug|Any CPU
		{3F136B2D-518D-7786-BBE2-F51FABBA96D8}.Release|Any CPU.ActiveCfg = Release|Any CPU
		{3F136B2D-518D-7786-BBE2-F51FABBA96D8}.Release|Any CPU.Build.0 = Release|Any CPU
	EndGlobalSection
	GlobalSection(SolutionProperties) = preSolution
		HideSolutionNode = FALSE
	EndGlobalSection
EndGlobal
